
Microsoft Visual Studio Solution File, Format Version 12.00
# Visual Studio Version 17
VisualStudioVersion = 17.9.34728.123
MinimumVisualStudioVersion = 10.0.40219.1
Project("{FAE04EC0-301F-11D3-BF4B-00C04F79EFBC}") = "Student_Information_System", "Student_Information_System.csproj", "{18383A87-882B-4252-B234-4FE895A5582C}"
EndProject
Global
	GlobalSection(SolutionConfigurationPlatforms) = preSolution
		Debug|Any CPU = Debug|Any CPU
		Release|Any CPU = Release|Any CPU
	EndGlobalSection
	GlobalSection(ProjectConfigurationPlatforms) = postSolution
		{18383A87-882B-4252-B234-4FE895A5582C}.Debug|Any CPU.ActiveCfg = Debug|Any CPU
		{18383A87-882B-4252-B234-4FE895A5582C}.Debug|Any CPU.Build.0 = Debug|Any CPU
		{18383A87-882B-4252-B234-4FE895A5582C}.Release|Any CPU.ActiveCfg = Release|Any CPU
		{18383A87-882B-4252-B234-4FE895A5582C}.Release|Any CPU.Build.0 = Release|Any CPU
	EndGlobalSection
	GlobalSection(SolutionProperties) = preSolution
		HideSolutionNode = FALSE
	EndGlobalSection
	GlobalSection(ExtensibilityGlobals) = postSolution
		SolutionGuid = {010071CD-4B99-4F4B-A454-AA7C262302DF}
	EndGlobalSection
EndGlobal
